
Microsoft Visual Studio Solution File, Format Version 12.00
# Visual Studio Version 17
VisualStudioVersion = 17.0.32126.317
MinimumVisualStudioVersion = 10.0.40219.1
Project("{FAE04EC0-301F-11D3-BF4B-00C04F79EFBC}") = "FreshersManagement", "FreshersManagement\FreshersManagement.csproj", "{0BF49F76-F460-4CBB-9C54-DEC169B1C4CF}"
EndProject
Global
	GlobalSection(SolutionConfigurationPlatforms) = preSolution
		Debug|Any CPU = Debug|Any CPU
		Release|Any CPU = Release|Any CPU
	EndGlobalSection
	GlobalSection(ProjectConfigurationPlatforms) = postSolution
		{0BF49F76-F460-4CBB-9C54-DEC169B1C4CF}.Debug|Any CPU.ActiveCfg = Debug|Any CPU
		{0BF49F76-F460-4CBB-9C54-DEC169B1C4CF}.Debug|Any CPU.Build.0 = Debug|Any CPU
		{0BF49F76-F460-4CBB-9C54-DEC169B1C4CF}.Release|Any CPU.ActiveCfg = Release|Any CPU
		{0BF49F76-F460-4CBB-9C54-DEC169B1C4CF}.Release|Any CPU.Build.0 = Release|Any CPU
	EndGlobalSection
	GlobalSection(SolutionProperties) = preSolution
		HideSolutionNode = FALSE
	EndGlobalSection
	GlobalSection(ExtensibilityGlobals) = postSolution
		SolutionGuid = {757AD8B7-D58A-4681-AABE-1B4116BBD98D}
	EndGlobalSection
EndGlobal
